
Microsoft Visual Studio Solution File, Format Version 12.00
# Visual Studio Version 17
VisualStudioVersion = 17.9.34728.123
MinimumVisualStudioVersion = 10.0.40219.1
Project("{FAE04EC0-301F-11D3-BF4B-00C04F79EFBC}") = "FiorelloFrontBackDB", "FiorelloFrontBackDB\FiorelloFrontBackDB.csproj", "{71D34971-4778-43D3-9AB1-30E3EA8B4CCC}"
EndProject
Global
	GlobalSection(SolutionConfigurationPlatforms) = preSolution
		Debug|Any CPU = Debug|Any CPU
		Release|Any CPU = Release|Any CPU
	EndGlobalSection
	GlobalSection(ProjectConfigurationPlatforms) = postSolution
		{71D34971-4778-43D3-9AB1-30E3EA8B4CCC}.Debug|Any CPU.ActiveCfg = Debug|Any CPU
		{71D34971-4778-43D3-9AB1-30E3EA8B4CCC}.Debug|Any CPU.Build.0 = Debug|Any CPU
		{71D34971-4778-43D3-9AB1-30E3EA8B4CCC}.Release|Any CPU.ActiveCfg = Release|Any CPU
		{71D34971-4778-43D3-9AB1-30E3EA8B4CCC}.Release|Any CPU.Build.0 = Release|Any CPU
	EndGlobalSection
	GlobalSection(SolutionProperties) = preSolution
		HideSolutionNode = FALSE
	EndGlobalSection
	GlobalSection(ExtensibilityGlobals) = postSolution
		SolutionGuid = {3320B2B4-CC90-44C2-A7D5-6F9BDF183F37}
	EndGlobalSection
EndGlobal
